// !$*UTF8*$!
{
	archiveVersion = 1;
	classes = {
	};
	objectVersion = 56;
	objects = {

/* Begin PBXBuildFile section */
		BE0EA1592B1B9168001C3CE3 /* Day1.swift in Sources */ = {isa = PBXBuildFile; fileRef = BE0EA1582B1B9168001C3CE3 /* Day1.swift */; };
		BE0EA1632B1BA0CB001C3CE3 /* main.swift in Sources */ = {isa = PBXBuildFile; fileRef = BE0EA1622B1BA0CB001C3CE3 /* main.swift */; };
		BE0EA1672B1BED4E001C3CE3 /* Day2.swift in Sources */ = {isa = PBXBuildFile; fileRef = BE0EA1662B1BED4E001C3CE3 /* Day2.swift */; };
		BE0EA16B2B1C3297001C3CE3 /* Convenience.swift in Sources */ = {isa = PBXBuildFile; fileRef = BE0EA16A2B1C3297001C3CE3 /* Convenience.swift */; };
		BE0EA16D2B1D106C001C3CE3 /* Day3.swift in Sources */ = {isa = PBXBuildFile; fileRef = BE0EA16C2B1D106C001C3CE3 /* Day3.swift */; };
		BE0EA1842B1DF616001C3CE3 /* Day4.swift in Sources */ = {isa = PBXBuildFile; fileRef = BE0EA1832B1DF616001C3CE3 /* Day4.swift */; };
		BE821D5C2B21FEF8002DA276 /* Day6.swift in Sources */ = {isa = PBXBuildFile; fileRef = BE821D5B2B21FEF8002DA276 /* Day6.swift */; };
		BE821D602B2285C5002DA276 /* Day7.swift in Sources */ = {isa = PBXBuildFile; fileRef = BE821D5F2B2285C5002DA276 /* Day7.swift */; };
		BE821D7C2B232133002DA276 /* Day8.swift in Sources */ = {isa = PBXBuildFile; fileRef = BE821D7B2B232133002DA276 /* Day8.swift */; };
/* End PBXBuildFile section */

/* Begin PBXCopyFilesBuildPhase section */
		BE0EA1532B1B9168001C3CE3 /* CopyFiles */ = {
			isa = PBXCopyFilesBuildPhase;
			buildActionMask = 2147483647;
			dstPath = /usr/share/man/man1/;
			dstSubfolderSpec = 0;
			files = (
			);
			runOnlyForDeploymentPostprocessing = 1;
		};
/* End PBXCopyFilesBuildPhase section */

/* Begin PBXFileReference section */
		BE0EA1552B1B9168001C3CE3 /* AOC */ = {isa = PBXFileReference; explicitFileType = "compiled.mach-o.executable"; includeInIndex = 0; path = AOC; sourceTree = BUILT_PRODUCTS_DIR; };
		BE0EA1582B1B9168001C3CE3 /* Day1.swift */ = {isa = PBXFileReference; lastKnownFileType = sourcecode.swift; path = Day1.swift; sourceTree = "<group>"; };
		BE0EA1622B1BA0CB001C3CE3 /* main.swift */ = {isa = PBXFileReference; lastKnownFileType = sourcecode.swift; path = main.swift; sourceTree = "<group>"; };
		BE0EA1662B1BED4E001C3CE3 /* Day2.swift */ = {isa = PBXFileReference; lastKnownFileType = sourcecode.swift; path = Day2.swift; sourceTree = "<group>"; };
		BE0EA16A2B1C3297001C3CE3 /* Convenience.swift */ = {isa = PBXFileReference; lastKnownFileType = sourcecode.swift; path = Convenience.swift; sourceTree = "<group>"; };
		BE0EA16C2B1D106C001C3CE3 /* Day3.swift */ = {isa = PBXFileReference; lastKnownFileType = sourcecode.swift; path = Day3.swift; sourceTree = "<group>"; };
		BE0EA1832B1DF616001C3CE3 /* Day4.swift */ = {isa = PBXFileReference; lastKnownFileType = sourcecode.swift; path = Day4.swift; sourceTree = "<group>"; };
		BE821D5B2B21FEF8002DA276 /* Day6.swift */ = {isa = PBXFileReference; lastKnownFileType = sourcecode.swift; path = Day6.swift; sourceTree = "<group>"; };
		BE821D5F2B2285C5002DA276 /* Day7.swift */ = {isa = PBXFileReference; lastKnownFileType = sourcecode.swift; path = Day7.swift; sourceTree = "<group>"; };
		BE821D7B2B232133002DA276 /* Day8.swift */ = {isa = PBXFileReference; lastKnownFileType = sourcecode.swift; path = Day8.swift; sourceTree = "<group>"; };
/* End PBXFileReference section */

/* Begin PBXFrameworksBuildPhase section */
		BE0EA1522B1B9168001C3CE3 /* Frameworks */ = {
			isa = PBXFrameworksBuildPhase;
			buildActionMask = 2147483647;
			files = (
			);
			runOnlyForDeploymentPostprocessing = 0;
		};
/* End PBXFrameworksBuildPhase section */

/* Begin PBXGroup section */
		BE0EA14C2B1B9168001C3CE3 = {
			isa = PBXGroup;
			children = (
				BE0EA1572B1B9168001C3CE3 /* AOC */,
				BE0EA1562B1B9168001C3CE3 /* Products */,
			);
			sourceTree = "<group>";
		};
		BE0EA1562B1B9168001C3CE3 /* Products */ = {
			isa = PBXGroup;
			children = (
				BE0EA1552B1B9168001C3CE3 /* AOC */,
			);
			name = Products;
			sourceTree = "<group>";
		};
		BE0EA1572B1B9168001C3CE3 /* AOC */ = {
			isa = PBXGroup;
			children = (
				BE0EA1582B1B9168001C3CE3 /* Day1.swift */,
				BE0EA1662B1BED4E001C3CE3 /* Day2.swift */,
				BE0EA16C2B1D106C001C3CE3 /* Day3.swift */,
				BE0EA1832B1DF616001C3CE3 /* Day4.swift */,
				BE821D5B2B21FEF8002DA276 /* Day6.swift */,
				BE821D5F2B2285C5002DA276 /* Day7.swift */,
				BE821D7B2B232133002DA276 /* Day8.swift */,
				BE0EA1622B1BA0CB001C3CE3 /* main.swift */,
				BE0EA16A2B1C3297001C3CE3 /* Convenience.swift */,
			);
			path = AOC;
			sourceTree = "<group>";
		};
/* End PBXGroup section */

/* Begin PBXNativeTarget section */
		BE0EA1542B1B9168001C3CE3 /* AOC */ = {
			isa = PBXNativeTarget;
			buildConfigurationList = BE0EA15C2B1B9168001C3CE3 /* Build configuration list for PBXNativeTarget "AOC" */;
			buildPhases = (
				BE0EA1512B1B9168001C3CE3 /* Sources */,
				BE0EA1522B1B9168001C3CE3 /* Frameworks */,
				BE0EA1532B1B9168001C3CE3 /* CopyFiles */,
			);
			buildRules = (
			);
			dependencies = (
			);
			name = AOC;
			productName = AOC;
			productReference = BE0EA1552B1B9168001C3CE3 /* AOC */;
			productType = "com.apple.product-type.tool";
		};
/* End PBXNativeTarget section */

/* Begin PBXProject section */
		BE0EA14D2B1B9168001C3CE3 /* Project object */ = {
			isa = PBXProject;
			attributes = {
				BuildIndependentTargetsInParallel = 1;
				LastSwiftUpdateCheck = 1500;
				LastUpgradeCheck = 1500;
				TargetAttributes = {
					BE0EA1542B1B9168001C3CE3 = {
						CreatedOnToolsVersion = 15.0.1;
					};
				};
			};
			buildConfigurationList = BE0EA1502B1B9168001C3CE3 /* Build configuration list for PBXProject "AOC" */;
			compatibilityVersion = "Xcode 14.0";
			developmentRegion = en;
			hasScannedForEncodings = 0;
			knownRegions = (
				en,
				Base,
			);
			mainGroup = BE0EA14C2B1B9168001C3CE3;
			productRefGroup = BE0EA1562B1B9168001C3CE3 /* Products */;
			projectDirPath = "";
			projectRoot = "";
			targets = (
				BE0EA1542B1B9168001C3CE3 /* AOC */,
			);
		};
/* End PBXProject section */

/* Begin PBXSourcesBuildPhase section */
		BE0EA1512B1B9168001C3CE3 /* Sources */ = {
			isa = PBXSourcesBuildPhase;
			buildActionMask = 2147483647;
			files = (
				BE0EA1672B1BED4E001C3CE3 /* Day2.swift in Sources */,
				BE0EA16D2B1D106C001C3CE3 /* Day3.swift in Sources */,
				BE0EA1592B1B9168001C3CE3 /* Day1.swift in Sources */,
				BE0EA1842B1DF616001C3CE3 /* Day4.swift in Sources */,
				BE0EA1632B1BA0CB001C3CE3 /* main.swift in Sources */,
				BE821D5C2B21FEF8002DA276 /* Day6.swift in Sources */,
				BE821D602B2285C5002DA276 /* Day7.swift in Sources */,
				BE821D7C2B232133002DA276 /* Day8.swift in Sources */,
				BE0EA16B2B1C3297001C3CE3 /* Convenience.swift in Sources */,
			);
			runOnlyForDeploymentPostprocessing = 0;
		};
/* End PBXSourcesBuildPhase section */

/* Begin XCBuildConfiguration section */
		BE0EA15A2B1B9168001C3CE3 /* Debug */ = {
			isa = XCBuildConfiguration;
			buildSettings = {
				ALWAYS_SEARCH_USER_PATHS = NO;
				ASSETCATALOG_COMPILER_GENERATE_SWIFT_ASSET_SYMBOL_EXTENSIONS = YES;
				CLANG_ANALYZER_NONNULL = YES;
				CLANG_ANALYZER_NUMBER_OBJECT_CONVERSION = YES_AGGRESSIVE;
				CLANG_CXX_LANGUAGE_STANDARD = "gnu++20";
				CLANG_ENABLE_MODULES = YES;
				CLANG_ENABLE_OBJC_ARC = YES;
				CLANG_ENABLE_OBJC_WEAK = YES;
				CLANG_WARN_BLOCK_CAPTURE_AUTORELEASING = YES;
				CLANG_WARN_BOOL_CONVERSION = YES;
				CLANG_WARN_COMMA = YES;
				CLANG_WARN_CONSTANT_CONVERSION = YES;
				CLANG_WARN_DEPRECATED_OBJC_IMPLEMENTATIONS = YES;
				CLANG_WARN_DIRECT_OBJC_ISA_USAGE = YES_ERROR;
				CLANG_WARN_DOCUMENTATION_COMMENTS = YES;
				CLANG_WARN_EMPTY_BODY = YES;
				CLANG_WARN_ENUM_CONVERSION = YES;
				CLANG_WARN_INFINITE_RECURSION = YES;
				CLANG_WARN_INT_CONVERSION = YES;
				CLANG_WARN_NON_LITERAL_NULL_CONVERSION = YES;
				CLANG_WARN_OBJC_IMPLICIT_RETAIN_SELF = YES;
				CLANG_WARN_OBJC_LITERAL_CONVERSION = YES;
				CLANG_WARN_OBJC_ROOT_CLASS = YES_ERROR;
				CLANG_WARN_QUOTED_INCLUDE_IN_FRAMEWORK_HEADER = YES;
				CLANG_WARN_RANGE_LOOP_ANALYSIS = YES;
				CLANG_WARN_STRICT_PROTOTYPES = YES;
				CLANG_WARN_SUSPICIOUS_MOVE = YES;
				CLANG_WARN_UNGUARDED_AVAILABILITY = YES_AGGRESSIVE;
				CLANG_WARN_UNREACHABLE_CODE = YES;
				CLANG_WARN__DUPLICATE_METHOD_MATCH = YES;
				COPY_PHASE_STRIP = NO;
				DEBUG_INFORMATION_FORMAT = dwarf;
				ENABLE_STRICT_OBJC_MSGSEND = YES;
				ENABLE_TESTABILITY = YES;
				ENABLE_USER_SCRIPT_SANDBOXING = YES;
				GCC_C_LANGUAGE_STANDARD = gnu17;
				GCC_DYNAMIC_NO_PIC = NO;
				GCC_NO_COMMON_BLOCKS = YES;
				GCC_OPTIMIZATION_LEVEL = 0;
				GCC_PREPROCESSOR_DEFINITIONS = (
					"DEBUG=1",
					"$(inherited)",
				);
				GCC_WARN_64_TO_32_BIT_CONVERSION = YES;
				GCC_WARN_ABOUT_RETURN_TYPE = YES_ERROR;
				GCC_WARN_UNDECLARED_SELECTOR = YES;
				GCC_WARN_UNINITIALIZED_AUTOS = YES_AGGRESSIVE;
				GCC_WARN_UNUSED_FUNCTION = YES;
				GCC_WARN_UNUSED_VARIABLE = YES;
				LOCALIZATION_PREFERS_STRING_CATALOGS = YES;
				MACOSX_DEPLOYMENT_TARGET = 13.6;
				MTL_ENABLE_DEBUG_INFO = INCLUDE_SOURCE;
				MTL_FAST_MATH = YES;
				ONLY_ACTIVE_ARCH = YES;
				SDKROOT = macosx;
				SWIFT_ACTIVE_COMPILATION_CONDITIONS = "DEBUG $(inherited)";
				SWIFT_OPTIMIZATION_LEVEL = "-Onone";
			};
			name = Debug;
		};
		BE0EA15B2B1B9168001C3CE3 /* Release */ = {
			isa = XCBuildConfiguration;
			buildSettings = {
				ALWAYS_SEARCH_USER_PATHS = NO;
				ASSETCATALOG_COMPILER_GENERATE_SWIFT_ASSET_SYMBOL_EXTENSIONS = YES;
				CLANG_ANALYZER_NONNULL = YES;
				CLANG_ANALYZER_NUMBER_OBJECT_CONVERSION = YES_AGGRESSIVE;
				CLANG_CXX_LANGUAGE_STANDARD = "gnu++20";
				CLANG_ENABLE_MODULES = YES;
				CLANG_ENABLE_OBJC_ARC = YES;
				CLANG_ENABLE_OBJC_WEAK = YES;
				CLANG_WARN_BLOCK_CAPTURE_AUTORELEASING = YES;
				CLANG_WARN_BOOL_CONVERSION = YES;
				CLANG_WARN_COMMA = YES;
				CLANG_WARN_CONSTANT_CONVERSION = YES;
				CLANG_WARN_DEPRECATED_OBJC_IMPLEMENTATIONS = YES;
				CLANG_WARN_DIRECT_OBJC_ISA_USAGE = YES_ERROR;
				CLANG_WARN_DOCUMENTATION_COMMENTS = YES;
				CLANG_WARN_EMPTY_BODY = YES;
				CLANG_WARN_ENUM_CONVERSION = YES;
				CLANG_WARN_INFINITE_RECURSION = YES;
				CLANG_WARN_INT_CONVERSION = YES;
				CLANG_WARN_NON_LITERAL_NULL_CONVERSION = YES;
				CLANG_WARN_OBJC_IMPLICIT_RETAIN_SELF = YES;
				CLANG_WARN_OBJC_LITERAL_CONVERSION = YES;
				CLANG_WARN_OBJC_ROOT_CLASS = YES_ERROR;
				CLANG_WARN_QUOTED_INCLUDE_IN_FRAMEWORK_HEADER = YES;
				CLANG_WARN_RANGE_LOOP_ANALYSIS = YES;
				CLANG_WARN_STRICT_PROTOTYPES = YES;
				CLANG_WARN_SUSPICIOUS_MOVE = YES;
				CLANG_WARN_UNGUARDED_AVAILABILITY = YES_AGGRESSIVE;
				CLANG_WARN_UNREACHABLE_CODE = YES;
				CLANG_WARN__DUPLICATE_METHOD_MATCH = YES;
				COPY_PHASE_STRIP = NO;
				DEBUG_INFORMATION_FORMAT = "dwarf-with-dsym";
				ENABLE_NS_ASSERTIONS = NO;
				ENABLE_STRICT_OBJC_MSGSEND = YES;
				ENABLE_USER_SCRIPT_SANDBOXING = YES;
				GCC_C_LANGUAGE_STANDARD = gnu17;
				GCC_NO_COMMON_BLOCKS = YES;
				GCC_WARN_64_TO_32_BIT_CONVERSION = YES;
				GCC_WARN_ABOUT_RETURN_TYPE = YES_ERROR;
				GCC_WARN_UNDECLARED_SELECTOR = YES;
				GCC_WARN_UNINITIALIZED_AUTOS = YES_AGGRESSIVE;
				GCC_WARN_UNUSED_FUNCTION = YES;
				GCC_WARN_UNUSED_VARIABLE = YES;
				LOCALIZATION_PREFERS_STRING_CATALOGS = YES;
				MACOSX_DEPLOYMENT_TARGET = 13.6;
				MTL_ENABLE_DEBUG_INFO = NO;
				MTL_FAST_MATH = YES;
				SDKROOT = macosx;
				SWIFT_COMPILATION_MODE = wholemodule;
			};
			name = Release;
		};
		BE0EA15D2B1B9168001C3CE3 /* Debug */ = {
			isa = XCBuildConfiguration;
			buildSettings = {
				CODE_SIGN_STYLE = Automatic;
				DEVELOPMENT_TEAM = QQ236MHM75;
				ENABLE_HARDENED_RUNTIME = YES;
				PRODUCT_NAME = "$(TARGET_NAME)";
				SWIFT_VERSION = 5.0;
			};
			name = Debug;
		};
		BE0EA15E2B1B9168001C3CE3 /* Release */ = {
			isa = XCBuildConfiguration;
			buildSettings = {
				CODE_SIGN_STYLE = Automatic;
				DEVELOPMENT_TEAM = QQ236MHM75;
				ENABLE_HARDENED_RUNTIME = YES;
				PRODUCT_NAME = "$(TARGET_NAME)";
				SWIFT_VERSION = 5.0;
			};
			name = Release;
		};
/* End XCBuildConfiguration section */

/* Begin XCConfigurationList section */
		BE0EA1502B1B9168001C3CE3 /* Build configuration list for PBXProject "AOC" */ = {
			isa = XCConfigurationList;
			buildConfigurations = (
				BE0EA15A2B1B9168001C3CE3 /* Debug */,
				BE0EA15B2B1B9168001C3CE3 /* Release */,
			);
			defaultConfigurationIsVisible = 0;
			defaultConfigurationName = Release;
		};
		BE0EA15C2B1B9168001C3CE3 /* Build configuration list for PBXNativeTarget "AOC" */ = {
			isa = XCConfigurationList;
			buildConfigurations = (
				BE0EA15D2B1B9168001C3CE3 /* Debug */,
				BE0EA15E2B1B9168001C3CE3 /* Release */,
			);
			defaultConfigurationIsVisible = 0;
			defaultConfigurationName = Release;
		};
/* End XCConfigurationList section */
	};
	rootObject = BE0EA14D2B1B9168001C3CE3 /* Project object */;
}
